
Microsoft Visual Studio Solution File, Format Version 12.00
# Visual Studio Version 16
VisualStudioVersion = 16.0.29403.142
MinimumVisualStudioVersion = 10.0.40219.1
Project("{FAE04EC0-301F-11D3-BF4B-00C04F79EFBC}") = "CA191205", "CA191205\CA191205.csproj", "{0B02FD8C-84EC-4A26-AF15-3E0079F1CC7C}"
EndProject
Global
	GlobalSection(SolutionConfigurationPlatforms) = preSolution
		Debug|Any CPU = Debug|Any CPU
		Release|Any CPU = Release|Any CPU
	EndGlobalSection
	GlobalSection(ProjectConfigurationPlatforms) = postSolution
		{0B02FD8C-84EC-4A26-AF15-3E0079F1CC7C}.Debug|Any CPU.ActiveCfg = Debug|Any CPU
		{0B02FD8C-84EC-4A26-AF15-3E0079F1CC7C}.Debug|Any CPU.Build.0 = Debug|Any CPU
		{0B02FD8C-84EC-4A26-AF15-3E0079F1CC7C}.Release|Any CPU.ActiveCfg = Release|Any CPU
		{0B02FD8C-84EC-4A26-AF15-3E0079F1CC7C}.Release|Any CPU.Build.0 = Release|Any CPU
	EndGlobalSection
	GlobalSection(SolutionProperties) = preSolution
		HideSolutionNode = FALSE
	EndGlobalSection
	GlobalSection(ExtensibilityGlobals) = postSolution
		SolutionGuid = {9CA2FACA-5861-43ED-83EF-6723CFD0D02E}
	EndGlobalSection
EndGlobal
